
Microsoft Visual Studio Solution File, Format Version 12.00
# Visual Studio Version 17
VisualStudioVersion = 17.3.32804.467
MinimumVisualStudioVersion = 10.0.40219.1
Project("{FAE04EC0-301F-11D3-BF4B-00C04F79EFBC}") = "PDFSign", "PDFSign\PDFSign.csproj", "{4A96C361-5659-4DBD-A8D4-5CD55440710C}"
EndProject
Global
	GlobalSection(SolutionConfigurationPlatforms) = preSolution
		Debug|Any CPU = Debug|Any CPU
		Release|Any CPU = Release|Any CPU
	EndGlobalSection
	GlobalSection(ProjectConfigurationPlatforms) = postSolution
		{4A96C361-5659-4DBD-A8D4-5CD55440710C}.Debug|Any CPU.ActiveCfg = Debug|Any CPU
		{4A96C361-5659-4DBD-A8D4-5CD55440710C}.Debug|Any CPU.Build.0 = Debug|Any CPU
		{4A96C361-5659-4DBD-A8D4-5CD55440710C}.Release|Any CPU.ActiveCfg = Release|Any CPU
		{4A96C361-5659-4DBD-A8D4-5CD55440710C}.Release|Any CPU.Build.0 = Release|Any CPU
	EndGlobalSection
	GlobalSection(SolutionProperties) = preSolution
		HideSolutionNode = FALSE
	EndGlobalSection
	GlobalSection(ExtensibilityGlobals) = postSolution
		SolutionGuid = {AC76483F-1090-4FE6-99C9-2FDDE2700256}
	EndGlobalSection
EndGlobal
